// !$*UTF8*$!
{
	archiveVersion = 1;
	classes = {
	};
	objectVersion = 46;
	objects = {

/* Begin PBXBuildFile section */
		2176BCBB1D864265008761CD /* AFHTTPSessionManager.m in Sources */ = {isa = PBXBuildFile; fileRef = 2176BC5B1D864265008761CD /* AFHTTPSessionManager.m */; };
		2176BCBC1D864265008761CD /* AFNetworkReachabilityManager.m in Sources */ = {isa = PBXBuildFile; fileRef = 2176BC5E1D864265008761CD /* AFNetworkReachabilityManager.m */; };
		2176BCBD1D864265008761CD /* AFSecurityPolicy.m in Sources */ = {isa = PBXBuildFile; fileRef = 2176BC601D864265008761CD /* AFSecurityPolicy.m */; };
		2176BCBE1D864265008761CD /* AFURLRequestSerialization.m in Sources */ = {isa = PBXBuildFile; fileRef = 2176BC621D864265008761CD /* AFURLRequestSerialization.m */; };
		2176BCBF1D864265008761CD /* AFURLResponseSerialization.m in Sources */ = {isa = PBXBuildFile; fileRef = 2176BC641D864265008761CD /* AFURLResponseSerialization.m */; };
		2176BCC01D864265008761CD /* AFURLSessionManager.m in Sources */ = {isa = PBXBuildFile; fileRef = 2176BC661D864265008761CD /* AFURLSessionManager.m */; };
		2176BCC11D864265008761CD /* LICENSE in Resources */ = {isa = PBXBuildFile; fileRef = 2176BC671D864265008761CD /* LICENSE */; };
		2176BCC21D864265008761CD /* README.md in Sources */ = {isa = PBXBuildFile; fileRef = 2176BC681D864265008761CD /* README.md */; };
		2176BCC31D864265008761CD /* AFAutoPurgingImageCache.m in Sources */ = {isa = PBXBuildFile; fileRef = 2176BC6B1D864265008761CD /* AFAutoPurgingImageCache.m */; };
		2176BCC41D864265008761CD /* AFImageDownloader.m in Sources */ = {isa = PBXBuildFile; fileRef = 2176BC6D1D864265008761CD /* AFImageDownloader.m */; };
		2176BCC51D864265008761CD /* AFNetworkActivityIndicatorManager.m in Sources */ = {isa = PBXBuildFile; fileRef = 2176BC6F1D864265008761CD /* AFNetworkActivityIndicatorManager.m */; };
		2176BCC61D864265008761CD /* UIActivityIndicatorView+AFNetworking.m in Sources */ = {isa = PBXBuildFile; fileRef = 2176BC711D864265008761CD /* UIActivityIndicatorView+AFNetworking.m */; };
		2176BCC71D864265008761CD /* UIButton+AFNetworking.m in Sources */ = {isa = PBXBuildFile; fileRef = 2176BC731D864265008761CD /* UIButton+AFNetworking.m */; };
		2176BCC81D864265008761CD /* UIImageView+AFNetworking.m in Sources */ = {isa = PBXBuildFile; fileRef = 2176BC761D864265008761CD /* UIImageView+AFNetworking.m */; };
		2176BCC91D864265008761CD /* UIProgressView+AFNetworking.m in Sources */ = {isa = PBXBuildFile; fileRef = 2176BC791D864265008761CD /* UIProgressView+AFNetworking.m */; };
		2176BCCA1D864265008761CD /* UIRefreshControl+AFNetworking.m in Sources */ = {isa = PBXBuildFile; fileRef = 2176BC7B1D864265008761CD /* UIRefreshControl+AFNetworking.m */; };
		2176BCCB1D864265008761CD /* UIWebView+AFNetworking.m in Sources */ = {isa = PBXBuildFile; fileRef = 2176BC7D1D864265008761CD /* UIWebView+AFNetworking.m */; };
		2176BCCE1D864265008761CD /* Info.plist in Resources */ = {isa = PBXBuildFile; fileRef = 2176BC841D864265008761CD /* Info.plist */; };
		2176BCCF1D864265008761CD /* MJExtensionConst.m in Sources */ = {isa = PBXBuildFile; fileRef = 2176BC871D864265008761CD /* MJExtensionConst.m */; };
		2176BCD01D864265008761CD /* MJFoundation.m in Sources */ = {isa = PBXBuildFile; fileRef = 2176BC891D864265008761CD /* MJFoundation.m */; };
		2176BCD11D864265008761CD /* MJProperty.m in Sources */ = {isa = PBXBuildFile; fileRef = 2176BC8B1D864265008761CD /* MJProperty.m */; };
		2176BCD21D864265008761CD /* MJPropertyKey.m in Sources */ = {isa = PBXBuildFile; fileRef = 2176BC8D1D864265008761CD /* MJPropertyKey.m */; };
		2176BCD31D864265008761CD /* MJPropertyType.m in Sources */ = {isa = PBXBuildFile; fileRef = 2176BC8F1D864265008761CD /* MJPropertyType.m */; };
		2176BCD41D864265008761CD /* NSObject+MJClass.m in Sources */ = {isa = PBXBuildFile; fileRef = 2176BC911D864265008761CD /* NSObject+MJClass.m */; };
		2176BCD51D864265008761CD /* NSObject+MJCoding.m in Sources */ = {isa = PBXBuildFile; fileRef = 2176BC931D864265008761CD /* NSObject+MJCoding.m */; };
		2176BCD61D864265008761CD /* NSObject+MJKeyValue.m in Sources */ = {isa = PBXBuildFile; fileRef = 2176BC951D864265008761CD /* NSObject+MJKeyValue.m */; };
		2176BCD71D864265008761CD /* NSObject+MJProperty.m in Sources */ = {isa = PBXBuildFile; fileRef = 2176BC971D864265008761CD /* NSObject+MJProperty.m */; };
		2176BCD81D864265008761CD /* NSString+MJExtension.m in Sources */ = {isa = PBXBuildFile; fileRef = 2176BC991D864265008761CD /* NSString+MJExtension.m */; };
		2176BCD91D864265008761CD /* LICENSE in Resources */ = {isa = PBXBuildFile; fileRef = 2176BC9B1D864265008761CD /* LICENSE */; };
		2176BCDA1D864265008761CD /* README.md in Sources */ = {isa = PBXBuildFile; fileRef = 2176BC9C1D864265008761CD /* README.md */; };
		2176BCDB1D864265008761CD /* NSData+ImageContentType.m in Sources */ = {isa = PBXBuildFile; fileRef = 2176BC9F1D864265008761CD /* NSData+ImageContentType.m */; };
		2176BCDC1D864265008761CD /* SDImageCache.m in Sources */ = {isa = PBXBuildFile; fileRef = 2176BCA11D864265008761CD /* SDImageCache.m */; };
		2176BCDD1D864265008761CD /* SDWebImageCompat.m in Sources */ = {isa = PBXBuildFile; fileRef = 2176BCA31D864265008761CD /* SDWebImageCompat.m */; };
		2176BCDE1D864265008761CD /* SDWebImageDecoder.m in Sources */ = {isa = PBXBuildFile; fileRef = 2176BCA51D864265008761CD /* SDWebImageDecoder.m */; };
		2176BCDF1D864265008761CD /* SDWebImageDownloader.m in Sources */ = {isa = PBXBuildFile; fileRef = 2176BCA71D864265008761CD /* SDWebImageDownloader.m */; };
		2176BCE01D864265008761CD /* SDWebImageDownloaderOperation.m in Sources */ = {isa = PBXBuildFile; fileRef = 2176BCA91D864265008761CD /* SDWebImageDownloaderOperation.m */; };
		2176BCE11D864265008761CD /* SDWebImageManager.m in Sources */ = {isa = PBXBuildFile; fileRef = 2176BCAB1D864265008761CD /* SDWebImageManager.m */; };
		2176BCE21D864265008761CD /* SDWebImagePrefetcher.m in Sources */ = {isa = PBXBuildFile; fileRef = 2176BCAE1D864265008761CD /* SDWebImagePrefetcher.m */; };
		2176BCE31D864265008761CD /* UIButton+WebCache.m in Sources */ = {isa = PBXBuildFile; fileRef = 2176BCB01D864265008761CD /* UIButton+WebCache.m */; };
		2176BCE41D864265008761CD /* UIImage+GIF.m in Sources */ = {isa = PBXBuildFile; fileRef = 2176BCB21D864265008761CD /* UIImage+GIF.m */; };
		2176BCE51D864265008761CD /* UIImage+MultiFormat.m in Sources */ = {isa = PBXBuildFile; fileRef = 2176BCB41D864265008761CD /* UIImage+MultiFormat.m */; };
		2176BCE61D864265008761CD /* UIImageView+HighlightedWebCache.m in Sources */ = {isa = PBXBuildFile; fileRef = 2176BCB61D864265008761CD /* UIImageView+HighlightedWebCache.m */; };
		2176BCE71D864265008761CD /* UIImageView+WebCache.m in Sources */ = {isa = PBXBuildFile; fileRef = 2176BCB81D864265008761CD /* UIImageView+WebCache.m */; };
		2176BCE81D864265008761CD /* UIView+WebCacheOperation.m in Sources */ = {isa = PBXBuildFile; fileRef = 2176BCBA1D864265008761CD /* UIView+WebCacheOperation.m */; };
		2176BCF91D864271008761CD /* CCPTableViewController.m in Sources */ = {isa = PBXBuildFile; fileRef = 2176BCEC1D864271008761CD /* CCPTableViewController.m */; };
		2176BCFA1D864271008761CD /* CCPViewController.m in Sources */ = {isa = PBXBuildFile; fileRef = 2176BCEE1D864271008761CD /* CCPViewController.m */; };
		2176BCFB1D864271008761CD /* CCPModel.m in Sources */ = {isa = PBXBuildFile; fileRef = 2176BCF11D864271008761CD /* CCPModel.m */; };
		2176BCFC1D864271008761CD /* CCPDataTableViewCell.m in Sources */ = {isa = PBXBuildFile; fileRef = 2176BCF41D864271008761CD /* CCPDataTableViewCell.m */; };
		2176BCFD1D864271008761CD /* CCPDataTableViewCell.xib in Resources */ = {isa = PBXBuildFile; fileRef = 2176BCF51D864271008761CD /* CCPDataTableViewCell.xib */; };
		2176BCFE1D864271008761CD /* CCPTableViewCell.m in Sources */ = {isa = PBXBuildFile; fileRef = 2176BCF71D864271008761CD /* CCPTableViewCell.m */; };
		2176BCFF1D864271008761CD /* CCPTableViewCell.xib in Resources */ = {isa = PBXBuildFile; fileRef = 2176BCF81D864271008761CD /* CCPTableViewCell.xib */; };
		2176BD061D8642D4008761CD /* MBProgressHUD+ADD.m in Sources */ = {isa = PBXBuildFile; fileRef = 2176BD031D8642D4008761CD /* MBProgressHUD+ADD.m */; };
		2176BD071D8642D4008761CD /* MBProgressHUD.m in Sources */ = {isa = PBXBuildFile; fileRef = 2176BD051D8642D4008761CD /* MBProgressHUD.m */; };
		2176BD0C1D86430B008761CD /* CCPNetworking.m in Sources */ = {isa = PBXBuildFile; fileRef = 2176BD091D86430B008761CD /* CCPNetworking.m */; };
		2176BD0D1D86430B008761CD /* Reachability.m in Sources */ = {isa = PBXBuildFile; fileRef = 2176BD0B1D86430B008761CD /* Reachability.m */; };
		21E0CF241D8283E500A60FA6 /* main.m in Sources */ = {isa = PBXBuildFile; fileRef = 21E0CF231D8283E500A60FA6 /* main.m */; };
		21E0CF271D8283E500A60FA6 /* AppDelegate.m in Sources */ = {isa = PBXBuildFile; fileRef = 21E0CF261D8283E500A60FA6 /* AppDelegate.m */; };
		21E0CF2F1D8283E500A60FA6 /* Assets.xcassets in Resources */ = {isa = PBXBuildFile; fileRef = 21E0CF2E1D8283E500A60FA6 /* Assets.xcassets */; };
		21E0CF321D8283E500A60FA6 /* LaunchScreen.storyboard in Resources */ = {isa = PBXBuildFile; fileRef = 21E0CF301D8283E500A60FA6 /* LaunchScreen.storyboard */; };
		21E0CF3D1D8283E500A60FA6 /* CCPAFNNetworkingTests.m in Sources */ = {isa = PBXBuildFile; fileRef = 21E0CF3C1D8283E500A60FA6 /* CCPAFNNetworkingTests.m */; };
		21E0CF481D8283E500A60FA6 /* CCPAFNNetworkingUITests.m in Sources */ = {isa = PBXBuildFile; fileRef = 21E0CF471D8283E500A60FA6 /* CCPAFNNetworkingUITests.m */; };
/* End PBXBuildFile section */

/* Begin PBXContainerItemProxy section */
		21E0CF391D8283E500A60FA6 /* PBXContainerItemProxy */ = {
			isa = PBXContainerItemProxy;
			containerPortal = 21E0CF171D8283E500A60FA6 /* Project object */;
			proxyType = 1;
			remoteGlobalIDString = 21E0CF1E1D8283E500A60FA6;
			remoteInfo = CCPAFNNetworking;
		};
		21E0CF441D8283E500A60FA6 /* PBXContainerItemProxy */ = {
			isa = PBXContainerItemProxy;
			containerPortal = 21E0CF171D8283E500A60FA6 /* Project object */;
			proxyType = 1;
			remoteGlobalIDString = 21E0CF1E1D8283E500A60FA6;
			remoteInfo = CCPAFNNetworking;
		};
/* End PBXContainerItemProxy section */

/* Begin PBXFileReference section */
		2176BC5A1D864265008761CD /* AFHTTPSessionManager.h */ = {isa = PBXFileReference; fileEncoding = 4; lastKnownFileType = sourcecode.c.h; path = AFHTTPSessionManager.h; sourceTree = "<group>"; };
		2176BC5B1D864265008761CD /* AFHTTPSessionManager.m */ = {isa = PBXFileReference; fileEncoding = 4; lastKnownFileType = sourcecode.c.objc; path = AFHTTPSessionManager.m; sourceTree = "<group>"; };
		2176BC5C1D864265008761CD /* AFNetworking.h */ = {isa = PBXFileReference; fileEncoding = 4; lastKnownFileType = sourcecode.c.h; path = AFNetworking.h; sourceTree = "<group>"; };
		2176BC5D1D864265008761CD /* AFNetworkReachabilityManager.h */ = {isa = PBXFileReference; fileEncoding = 4; lastKnownFileType = sourcecode.c.h; path = AFNetworkReachabilityManager.h; sourceTree = "<group>"; };
		2176BC5E1D864265008761CD /* AFNetworkReachabilityManager.m */ = {isa = PBXFileReference; fileEncoding = 4; lastKnownFileType = sourcecode.c.objc; path = AFNetworkReachabilityManager.m; sourceTree = "<group>"; };
		2176BC5F1D864265008761CD /* AFSecurityPolicy.h */ = {isa = PBXFileReference; fileEncoding = 4; lastKnownFileType = sourcecode.c.h; path = AFSecurityPolicy.h; sourceTree = "<group>"; };
		2176BC601D864265008761CD /* AFSecurityPolicy.m */ = {isa = PBXFileReference; fileEncoding = 4; lastKnownFileType = sourcecode.c.objc; path = AFSecurityPolicy.m; sourceTree = "<group>"; };
		2176BC611D864265008761CD /* AFURLRequestSerialization.h */ = {isa = PBXFileReference; fileEncoding = 4; lastKnownFileType = sourcecode.c.h; path = AFURLRequestSerialization.h; sourceTree = "<group>"; };
		2176BC621D864265008761CD /* AFURLRequestSerialization.m */ = {isa = PBXFileReference; fileEncoding = 4; lastKnownFileType = sourcecode.c.objc; path = AFURLRequestSerialization.m; sourceTree = "<group>"; };
		2176BC631D864265008761CD /* AFURLResponseSerialization.h */ = {isa = PBXFileReference; fileEncoding = 4; lastKnownFileType = sourcecode.c.h; path = AFURLResponseSerialization.h; sourceTree = "<group>"; };
		2176BC641D864265008761CD /* AFURLResponseSerialization.m */ = {isa = PBXFileReference; fileEncoding = 4; lastKnownFileType = sourcecode.c.objc; path = AFURLResponseSerialization.m; sourceTree = "<group>"; };
		2176BC651D864265008761CD /* AFURLSessionManager.h */ = {isa = PBXFileReference; fileEncoding = 4; lastKnownFileType = sourcecode.c.h; path = AFURLSessionManager.h; sourceTree = "<group>"; };
		2176BC661D864265008761CD /* AFURLSessionManager.m */ = {isa = PBXFileReference; fileEncoding = 4; lastKnownFileType = sourcecode.c.objc; path = AFURLSessionManager.m; sourceTree = "<group>"; };
		2176BC671D864265008761CD /* LICENSE */ = {isa = PBXFileReference; fileEncoding = 4; lastKnownFileType = text; path = LICENSE; sourceTree = "<group>"; };
		2176BC681D864265008761CD /* README.md */ = {isa = PBXFileReference; fileEncoding = 4; lastKnownFileType = net.daringfireball.markdown; path = README.md; sourceTree = "<group>"; };
		2176BC6A1D864265008761CD /* AFAutoPurgingImageCache.h */ = {isa = PBXFileReference; fileEncoding = 4; lastKnownFileType = sourcecode.c.h; path = AFAutoPurgingImageCache.h; sourceTree = "<group>"; };
		2176BC6B1D864265008761CD /* AFAutoPurgingImageCache.m */ = {isa = PBXFileReference; fileEncoding = 4; lastKnownFileType = sourcecode.c.objc; path = AFAutoPurgingImageCache.m; sourceTree = "<group>"; };
		2176BC6C1D864265008761CD /* AFImageDownloader.h */ = {isa = PBXFileReference; fileEncoding = 4; lastKnownFileType = sourcecode.c.h; path = AFImageDownloader.h; sourceTree = "<group>"; };
		2176BC6D1D864265008761CD /* AFImageDownloader.m */ = {isa = PBXFileReference; fileEncoding = 4; lastKnownFileType = sourcecode.c.objc; path = AFImageDownloader.m; sourceTree = "<group>"; };
		2176BC6E1D864265008761CD /* AFNetworkActivityIndicatorManager.h */ = {isa = PBXFileReference; fileEncoding = 4; lastKnownFileType = sourcecode.c.h; path = AFNetworkActivityIndicatorManager.h; sourceTree = "<group>"; };
		2176BC6F1D864265008761CD /* AFNetworkActivityIndicatorManager.m */ = {isa = PBXFileReference; fileEncoding = 4; lastKnownFileType = sourcecode.c.objc; path = AFNetworkActivityIndicatorManager.m; sourceTree = "<group>"; };
		2176BC701D864265008761CD /* UIActivityIndicatorView+AFNetworking.h */ = {isa = PBXFileReference; fileEncoding = 4; lastKnownFileType = sourcecode.c.h; path = "UIActivityIndicatorView+AFNetworking.h"; sourceTree = "<group>"; };
		2176BC711D864265008761CD /* UIActivityIndicatorView+AFNetworking.m */ = {isa = PBXFileReference; fileEncoding = 4; lastKnownFileType = sourcecode.c.objc; path = "UIActivityIndicatorView+AFNetworking.m"; sourceTree = "<group>"; };
		2176BC721D864265008761CD /* UIButton+AFNetworking.h */ = {isa = PBXFileReference; fileEncoding = 4; lastKnownFileType = sourcecode.c.h; path = "UIButton+AFNetworking.h"; sourceTree = "<group>"; };
		2176BC731D864265008761CD /* UIButton+AFNetworking.m */ = {isa = PBXFileReference; fileEncoding = 4; lastKnownFileType = sourcecode.c.objc; path = "UIButton+AFNetworking.m"; sourceTree = "<group>"; };
		2176BC741D864265008761CD /* UIImage+AFNetworking.h */ = {isa = PBXFileReference; fileEncoding = 4; lastKnownFileType = sourcecode.c.h; path = "UIImage+AFNetworking.h"; sourceTree = "<group>"; };
		2176BC751D864265008761CD /* UIImageView+AFNetworking.h */ = {isa = PBXFileReference; fileEncoding = 4; lastKnownFileType = sourcecode.c.h; path = "UIImageView+AFNetworking.h"; sourceTree = "<group>"; };
		2176BC761D864265008761CD /* UIImageView+AFNetworking.m */ = {isa = PBXFileReference; fileEncoding = 4; lastKnownFileType = sourcecode.c.objc; path = "UIImageView+AFNetworking.m"; sourceTree = "<group>"; };
		2176BC771D864265008761CD /* UIKit+AFNetworking.h */ = {isa = PBXFileReference; fileEncoding = 4; lastKnownFileType = sourcecode.c.h; path = "UIKit+AFNetworking.h"; sourceTree = "<group>"; };
		2176BC781D864265008761CD /* UIProgressView+AFNetworking.h */ = {isa = PBXFileReference; fileEncoding = 4; lastKnownFileType = sourcecode.c.h; path = "UIProgressView+AFNetworking.h"; sourceTree = "<group>"; };
		2176BC791D864265008761CD /* UIProgressView+AFNetworking.m */ = {isa = PBXFileReference; fileEncoding = 4; lastKnownFileType = sourcecode.c.objc; path = "UIProgressView+AFNetworking.m"; sourceTree = "<group>"; };
		2176BC7A1D864265008761CD /* UIRefreshControl+AFNetworking.h */ = {isa = PBXFileReference; fileEncoding = 4; lastKnownFileType = sourcecode.c.h; path = "UIRefreshControl+AFNetworking.h"; sourceTree = "<group>"; };
		2176BC7B1D864265008761CD /* UIRefreshControl+AFNetworking.m */ = {isa = PBXFileReference; fileEncoding = 4; lastKnownFileType = sourcecode.c.objc; path = "UIRefreshControl+AFNetworking.m"; sourceTree = "<group>"; };
		2176BC7C1D864265008761CD /* UIWebView+AFNetworking.h */ = {isa = PBXFileReference; fileEncoding = 4; lastKnownFileType = sourcecode.c.h; path = "UIWebView+AFNetworking.h"; sourceTree = "<group>"; };
		2176BC7D1D864265008761CD /* UIWebView+AFNetworking.m */ = {isa = PBXFileReference; fileEncoding = 4; lastKnownFileType = sourcecode.c.objc; path = "UIWebView+AFNetworking.m"; sourceTree = "<group>"; };
		2176BC841D864265008761CD /* Info.plist */ = {isa = PBXFileReference; fileEncoding = 4; lastKnownFileType = text.plist.xml; path = Info.plist; sourceTree = "<group>"; };
		2176BC851D864265008761CD /* MJExtension.h */ = {isa = PBXFileReference; fileEncoding = 4; lastKnownFileType = sourcecode.c.h; path = MJExtension.h; sourceTree = "<group>"; };
		2176BC861D864265008761CD /* MJExtensionConst.h */ = {isa = PBXFileReference; fileEncoding = 4; lastKnownFileType = sourcecode.c.h; path = MJExtensionConst.h; sourceTree = "<group>"; };
		2176BC871D864265008761CD /* MJExtensionConst.m */ = {isa = PBXFileReference; fileEncoding = 4; lastKnownFileType = sourcecode.c.objc; path = MJExtensionConst.m; sourceTree = "<group>"; };
		2176BC881D864265008761CD /* MJFoundation.h */ = {isa = PBXFileReference; fileEncoding = 4; lastKnownFileType = sourcecode.c.h; path = MJFoundation.h; sourceTree = "<group>"; };
		2176BC891D864265008761CD /* MJFoundation.m */ = {isa = PBXFileReference; fileEncoding = 4; lastKnownFileType = sourcecode.c.objc; path = MJFoundation.m; sourceTree = "<group>"; };
		2176BC8A1D864265008761CD /* MJProperty.h */ = {isa = PBXFileReference; fileEncoding = 4; lastKnownFileType = sourcecode.c.h; path = MJProperty.h; sourceTree = "<group>"; };
		2176BC8B1D864265008761CD /* MJProperty.m */ = {isa = PBXFileReference; fileEncoding = 4; lastKnownFileType = sourcecode.c.objc; path = MJProperty.m; sourceTree = "<group>"; };
		2176BC8C1D864265008761CD /* MJPropertyKey.h */ = {isa = PBXFileReference; fileEncoding = 4; lastKnownFileType = sourcecode.c.h; path = MJPropertyKey.h; sourceTree = "<group>"; };
		2176BC8D1D864265008761CD /* MJPropertyKey.m */ = {isa = PBXFileReference; fileEncoding = 4; lastKnownFileType = sourcecode.c.objc; path = MJPropertyKey.m; sourceTree = "<group>"; };
		2176BC8E1D864265008761CD /* MJPropertyType.h */ = {isa = PBXFileReference; fileEncoding = 4; lastKnownFileType = sourcecode.c.h; path = MJPropertyType.h; sourceTree = "<group>"; };
		2176BC8F1D864265008761CD /* MJPropertyType.m */ = {isa = PBXFileReference; fileEncoding = 4; lastKnownFileType = sourcecode.c.objc; path = MJPropertyType.m; sourceTree = "<group>"; };
		2176BC901D864265008761CD /* NSObject+MJClass.h */ = {isa = PBXFileReference; fileEncoding = 4; lastKnownFileType = sourcecode.c.h; path = "NSObject+MJClass.h"; sourceTree = "<group>"; };
		2176BC911D864265008761CD /* NSObject+MJClass.m */ = {isa = PBXFileReference; fileEncoding = 4; lastKnownFileType = sourcecode.c.objc; path = "NSObject+MJClass.m"; sourceTree = "<group>"; };
		2176BC921D864265008761CD /* NSObject+MJCoding.h */ = {isa = PBXFileReference; fileEncoding = 4; lastKnownFileType = sourcecode.c.h; path = "NSObject+MJCoding.h"; sourceTree = "<group>"; };
		2176BC931D864265008761CD /* NSObject+MJCoding.m */ = {isa = PBXFileReference; fileEncoding = 4; lastKnownFileType = sourcecode.c.objc; path = "NSObject+MJCoding.m"; sourceTree = "<group>"; };
		2176BC941D864265008761CD /* NSObject+MJKeyValue.h */ = {isa = PBXFileReference; fileEncoding = 4; lastKnownFileType = sourcecode.c.h; path = "NSObject+MJKeyValue.h"; sourceTree = "<group>"; };
		2176BC951D864265008761CD /* NSObject+MJKeyValue.m */ = {isa = PBXFileReference; fileEncoding = 4; lastKnownFileType = sourcecode.c.objc; path = "NSObject+MJKeyValue.m"; sourceTree = "<group>"; };
		2176BC961D864265008761CD /* NSObject+MJProperty.h */ = {isa = PBXFileReference; fileEncoding = 4; lastKnownFileType = sourcecode.c.h; path = "NSObject+MJProperty.h"; sourceTree = "<group>"; };
		2176BC971D864265008761CD /* NSObject+MJProperty.m */ = {isa = PBXFileReference; fileEncoding = 4; lastKnownFileType = sourcecode.c.objc; path = "NSObject+MJProperty.m"; sourceTree = "<group>"; };
		2176BC981D864265008761CD /* NSString+MJExtension.h */ = {isa = PBXFileReference; fileEncoding = 4; lastKnownFileType = sourcecode.c.h; path = "NSString+MJExtension.h"; sourceTree = "<group>"; };
		2176BC991D864265008761CD /* NSString+MJExtension.m */ = {isa = PBXFileReference; fileEncoding = 4; lastKnownFileType = sourcecode.c.objc; path = "NSString+MJExtension.m"; sourceTree = "<group>"; };
		2176BC9B1D864265008761CD /* LICENSE */ = {isa = PBXFileReference; fileEncoding = 4; lastKnownFileType = text; path = LICENSE; sourceTree = "<group>"; };
		2176BC9C1D864265008761CD /* README.md */ = {isa = PBXFileReference; fileEncoding = 4; lastKnownFileType = net.daringfireball.markdown; path = README.md; sourceTree = "<group>"; };
		2176BC9E1D864265008761CD /* NSData+ImageContentType.h */ = {isa = PBXFileReference; fileEncoding = 4; lastKnownFileType = sourcecode.c.h; path = "NSData+ImageContentType.h"; sourceTree = "<group>"; };
		2176BC9F1D864265008761CD /* NSData+ImageContentType.m */ = {isa = PBXFileReference; fileEncoding = 4; lastKnownFileType = sourcecode.c.objc; path = "NSData+ImageContentType.m"; sourceTree = "<group>"; };
		2176BCA01D864265008761CD /* SDImageCache.h */ = {isa = PBXFileReference; fileEncoding = 4; lastKnownFileType = sourcecode.c.h; path = SDImageCache.h; sourceTree = "<group>"; };
		2176BCA11D864265008761CD /* SDImageCache.m */ = {isa = PBXFileReference; fileEncoding = 4; lastKnownFileType = sourcecode.c.objc; path = SDImageCache.m; sourceTree = "<group>"; };
		2176BCA21D864265008761CD /* SDWebImageCompat.h */ = {isa = PBXFileReference; fileEncoding = 4; lastKnownFileType = sourcecode.c.h; path = SDWebImageCompat.h; sourceTree = "<group>"; };
		2176BCA31D864265008761CD /* SDWebImageCompat.m */ = {isa = PBXFileReference; fileEncoding = 4; lastKnownFileType = sourcecode.c.objc; path = SDWebImageCompat.m; sourceTree = "<group>"; };
		2176BCA41D864265008761CD /* SDWebImageDecoder.h */ = {isa = PBXFileReference; fileEncoding = 4; lastKnownFileType = sourcecode.c.h; path = SDWebImageDecoder.h; sourceTree = "<group>"; };
		2176BCA51D864265008761CD /* SDWebImageDecoder.m */ = {isa = PBXFileReference; fileEncoding = 4; lastKnownFileType = sourcecode.c.objc; path = SDWebImageDecoder.m; sourceTree = "<group>"; };
		2176BCA61D864265008761CD /* SDWebImageDownloader.h */ = {isa = PBXFileReference; fileEncoding = 4; lastKnownFileType = sourcecode.c.h; path = SDWebImageDownloader.h; sourceTree = "<group>"; };
		2176BCA71D864265008761CD /* SDWebImageDownloader.m */ = {isa = PBXFileReference; fileEncoding = 4; lastKnownFileType = sourcecode.c.objc; path = SDWebImageDownloader.m; sourceTree = "<group>"; };
		2176BCA81D864265008761CD /* SDWebImageDownloaderOperation.h */ = {isa = PBXFileReference; fileEncoding = 4; lastKnownFileType = sourcecode.c.h; path = SDWebImageDownloaderOperation.h; sourceTree = "<group>"; };
		2176BCA91D864265008761CD /* SDWebImageDownloaderOperation.m */ = {isa = PBXFileReference; fileEncoding = 4; lastKnownFileType = sourcecode.c.objc; path = SDWebImageDownloaderOperation.m; sourceTree = "<group>"; };
		2176BCAA1D864265008761CD /* SDWebImageManager.h */ = {isa = PBXFileReference; fileEncoding = 4; lastKnownFileType = sourcecode.c.h; path = SDWebImageManager.h; sourceTree = "<group>"; };
		2176BCAB1D864265008761CD /* SDWebImageManager.m */ = {isa = PBXFileReference; fileEncoding = 4; lastKnownFileType = sourcecode.c.objc; path = SDWebImageManager.m; sourceTree = "<group>"; };
		2176BCAC1D864265008761CD /* SDWebImageOperation.h */ = {isa = PBXFileReference; fileEncoding = 4; lastKnownFileType = sourcecode.c.h; path = SDWebImageOperation.h; sourceTree = "<group>"; };
		2176BCAD1D864265008761CD /* SDWebImagePrefetcher.h */ = {isa = PBXFileReference; fileEncoding = 4; lastKnownFileType = sourcecode.c.h; path = SDWebImagePrefetcher.h; sourceTree = "<group>"; };
		2176BCAE1D864265008761CD /* SDWebImagePrefetcher.m */ = {isa = PBXFileReference; fileEncoding = 4; lastKnownFileType = sourcecode.c.objc; path = SDWebImagePrefetcher.m; sourceTree = "<group>"; };
		2176BCAF1D864265008761CD /* UIButton+WebCache.h */ = {isa = PBXFileReference; fileEncoding = 4; lastKnownFileType = sourcecode.c.h; path = "UIButton+WebCache.h"; sourceTree = "<group>"; };
		2176BCB01D864265008761CD /* UIButton+WebCache.m */ = {isa = PBXFileReference; fileEncoding = 4; lastKnownFileType = sourcecode.c.objc; path = "UIButton+WebCache.m"; sourceTree = "<group>"; };
		2176BCB11D864265008761CD /* UIImage+GIF.h */ = {isa = PBXFileReference; fileEncoding = 4; lastKnownFileType = sourcecode.c.h; path = "UIImage+GIF.h"; sourceTree = "<group>"; };
		2176BCB21D864265008761CD /* UIImage+GIF.m */ = {isa = PBXFileReference; fileEncoding = 4; lastKnownFileType = sourcecode.c.objc; path = "UIImage+GIF.m"; sourceTree = "<group>"; };
		2176BCB31D864265008761CD /* UIImage+MultiFormat.h */ = {isa = PBXFileReference; fileEncoding = 4; lastKnownFileType = sourcecode.c.h; path = "UIImage+MultiFormat.h"; sourceTree = "<group>"; };
		2176BCB41D864265008761CD /* UIImage+MultiFormat.m */ = {isa = PBXFileReference; fileEncoding = 4; lastKnownFileType = sourcecode.c.objc; path = "UIImage+MultiFormat.m"; sourceTree = "<group>"; };
		2176BCB51D864265008761CD /* UIImageView+HighlightedWebCache.h */ = {isa = PBXFileReference; fileEncoding = 4; lastKnownFileType = sourcecode.c.h; path = "UIImageView+HighlightedWebCache.h"; sourceTree = "<group>"; };
		2176BCB61D864265008761CD /* UIImageView+HighlightedWebCache.m */ = {isa = PBXFileReference; fileEncoding = 4; lastKnownFileType = sourcecode.c.objc; path = "UIImageView+HighlightedWebCache.m"; sourceTree = "<group>"; };
		2176BCB71D864265008761CD /* UIImageView+WebCache.h */ = {isa = PBXFileReference; fileEncoding = 4; lastKnownFileType = sourcecode.c.h; path = "UIImageView+WebCache.h"; sourceTree = "<group>"; };
		2176BCB81D864265008761CD /* UIImageView+WebCache.m */ = {isa = PBXFileReference; fileEncoding = 4; lastKnownFileType = sourcecode.c.objc; path = "UIImageView+WebCache.m"; sourceTree = "<group>"; };
		2176BCB91D864265008761CD /* UIView+WebCacheOperation.h */ = {isa = PBXFileReference; fileEncoding = 4; lastKnownFileType = sourcecode.c.h; path = "UIView+WebCacheOperation.h"; sourceTree = "<group>"; };
		2176BCBA1D864265008761CD /* UIView+WebCacheOperation.m */ = {isa = PBXFileReference; fileEncoding = 4; lastKnownFileType = sourcecode.c.objc; path = "UIView+WebCacheOperation.m"; sourceTree = "<group>"; };
		2176BCEB1D864271008761CD /* CCPTableViewController.h */ = {isa = PBXFileReference; fileEncoding = 4; lastKnownFileType = sourcecode.c.h; path = CCPTableViewController.h; sourceTree = "<group>"; };
		2176BCEC1D864271008761CD /* CCPTableViewController.m */ = {isa = PBXFileReference; fileEncoding = 4; lastKnownFileType = sourcecode.c.objc; path = CCPTableViewController.m; sourceTree = "<group>"; };
		2176BCED1D864271008761CD /* CCPViewController.h */ = {isa = PBXFileReference; fileEncoding = 4; lastKnownFileType = sourcecode.c.h; path = CCPViewController.h; sourceTree = "<group>"; };
		2176BCEE1D864271008761CD /* CCPViewController.m */ = {isa = PBXFileReference; fileEncoding = 4; lastKnownFileType = sourcecode.c.objc; path = CCPViewController.m; sourceTree = "<group>"; };
		2176BCF01D864271008761CD /* CCPModel.h */ = {isa = PBXFileReference; fileEncoding = 4; lastKnownFileType = sourcecode.c.h; path = CCPModel.h; sourceTree = "<group>"; };
		2176BCF11D864271008761CD /* CCPModel.m */ = {isa = PBXFileReference; fileEncoding = 4; lastKnownFileType = sourcecode.c.objc; path = CCPModel.m; sourceTree = "<group>"; };
		2176BCF31D864271008761CD /* CCPDataTableViewCell.h */ = {isa = PBXFileReference; fileEncoding = 4; lastKnownFileType = sourcecode.c.h; path = CCPDataTableViewCell.h; sourceTree = "<group>"; };
		2176BCF41D864271008761CD /* CCPDataTableViewCell.m */ = {isa = PBXFileReference; fileEncoding = 4; lastKnownFileType = sourcecode.c.objc; path = CCPDataTableViewCell.m; sourceTree = "<group>"; };
		2176BCF51D864271008761CD /* CCPDataTableViewCell.xib */ = {isa = PBXFileReference; fileEncoding = 4; lastKnownFileType = file.xib; path = CCPDataTableViewCell.xib; sourceTree = "<group>"; };
		2176BCF61D864271008761CD /* CCPTableViewCell.h */ = {isa = PBXFileReference; fileEncoding = 4; lastKnownFileType = sourcecode.c.h; path = CCPTableViewCell.h; sourceTree = "<group>"; };
		2176BCF71D864271008761CD /* CCPTableViewCell.m */ = {isa = PBXFileReference; fileEncoding = 4; lastKnownFileType = sourcecode.c.objc; path = CCPTableViewCell.m; sourceTree = "<group>"; };
		2176BCF81D864271008761CD /* CCPTableViewCell.xib */ = {isa = PBXFileReference; fileEncoding = 4; lastKnownFileType = file.xib; path = CCPTableViewCell.xib; sourceTree = "<group>"; };
		2176BD021D8642D4008761CD /* MBProgressHUD+ADD.h */ = {isa = PBXFileReference; fileEncoding = 4; lastKnownFileType = sourcecode.c.h; path = "MBProgressHUD+ADD.h"; sourceTree = "<group>"; };
		2176BD031D8642D4008761CD /* MBProgressHUD+ADD.m */ = {isa = PBXFileReference; fileEncoding = 4; lastKnownFileType = sourcecode.c.objc; path = "MBProgressHUD+ADD.m"; sourceTree = "<group>"; };
		2176BD041D8642D4008761CD /* MBProgressHUD.h */ = {isa = PBXFileReference; fileEncoding = 4; lastKnownFileType = sourcecode.c.h; path = MBProgressHUD.h; sourceTree = "<group>"; };
		2176BD051D8642D4008761CD /* MBProgressHUD.m */ = {isa = PBXFileReference; fileEncoding = 4; lastKnownFileType = sourcecode.c.objc; path = MBProgressHUD.m; sourceTree = "<group>"; };
		2176BD081D86430B008761CD /* CCPNetworking.h */ = {isa = PBXFileReference; fileEncoding = 4; lastKnownFileType = sourcecode.c.h; path = CCPNetworking.h; sourceTree = "<group>"; };
		2176BD091D86430B008761CD /* CCPNetworking.m */ = {isa = PBXFileReference; fileEncoding = 4; lastKnownFileType = sourcecode.c.objc; path = CCPNetworking.m; sourceTree = "<group>"; };
		2176BD0A1D86430B008761CD /* Reachability.h */ = {isa = PBXFileReference; fileEncoding = 4; lastKnownFileType = sourcecode.c.h; path = Reachability.h; sourceTree = "<group>"; };
		2176BD0B1D86430B008761CD /* Reachability.m */ = {isa = PBXFileReference; fileEncoding = 4; lastKnownFileType = sourcecode.c.objc; path = Reachability.m; sourceTree = "<group>"; };
		21E0CF1F1D8283E500A60FA6 /* CCPAFNNetworking.app */ = {isa = PBXFileReference; explicitFileType = wrapper.application; includeInIndex = 0; path = CCPAFNNetworking.app; sourceTree = BUILT_PRODUCTS_DIR; };
		21E0CF231D8283E500A60FA6 /* main.m */ = {isa = PBXFileReference; lastKnownFileType = sourcecode.c.objc; path = main.m; sourceTree = "<group>"; };
		21E0CF251D8283E500A60FA6 /* AppDelegate.h */ = {isa = PBXFileReference; lastKnownFileType = sourcecode.c.h; path = AppDelegate.h; sourceTree = "<group>"; };
		21E0CF261D8283E500A60FA6 /* AppDelegate.m */ = {isa = PBXFileReference; lastKnownFileType = sourcecode.c.objc; path = AppDelegate.m; sourceTree = "<group>"; };
		21E0CF2E1D8283E500A60FA6 /* Assets.xcassets */ = {isa = PBXFileReference; lastKnownFileType = folder.assetcatalog; path = Assets.xcassets; sourceTree = "<group>"; };
		21E0CF311D8283E500A60FA6 /* Base */ = {isa = PBXFileReference; lastKnownFileType = file.storyboard; name = Base; path = Base.lproj/LaunchScreen.storyboard; sourceTree = "<group>"; };
		21E0CF331D8283E500A60FA6 /* Info.plist */ = {isa = PBXFileReference; lastKnownFileType = text.plist.xml; path = Info.plist; sourceTree = "<group>"; };
		21E0CF381D8283E500A60FA6 /* CCPAFNNetworkingTests.xctest */ = {isa = PBXFileReference; explicitFileType = wrapper.cfbundle; includeInIndex = 0; path = CCPAFNNetworkingTests.xctest; sourceTree = BUILT_PRODUCTS_DIR; };
		21E0CF3C1D8283E500A60FA6 /* CCPAFNNetworkingTests.m */ = {isa = PBXFileReference; lastKnownFileType = sourcecode.c.objc; path = CCPAFNNetworkingTests.m; sourceTree = "<group>"; };
		21E0CF3E1D8283E500A60FA6 /* Info.plist */ = {isa = PBXFileReference; lastKnownFileType = text.plist.xml; path = Info.plist; sourceTree = "<group>"; };
		21E0CF431D8283E500A60FA6 /* CCPAFNNetworkingUITests.xctest */ = {isa = PBXFileReference; explicitFileType = wrapper.cfbundle; includeInIndex = 0; path = CCPAFNNetworkingUITests.xctest; sourceTree = BUILT_PRODUCTS_DIR; };
		21E0CF471D8283E500A60FA6 /* CCPAFNNetworkingUITests.m */ = {isa = PBXFileReference; lastKnownFileType = sourcecode.c.objc; path = CCPAFNNetworkingUITests.m; sourceTree = "<group>"; };
		21E0CF491D8283E500A60FA6 /* Info.plist */ = {isa = PBXFileReference; lastKnownFileType = text.plist.xml; path = Info.plist; sourceTree = "<group>"; };
/* End PBXFileReference section */

/* Begin PBXFrameworksBuildPhase section */
		21E0CF1C1D8283E500A60FA6 /* Frameworks */ = {
			isa = PBXFrameworksBuildPhase;
			buildActionMask = 2147483647;
			files = (
			);
			runOnlyForDeploymentPostprocessing = 0;
		};
		21E0CF351D8283E500A60FA6 /* Frameworks */ = {
			isa = PBXFrameworksBuildPhase;
			buildActionMask = 2147483647;
			files = (
			);
			runOnlyForDeploymentPostprocessing = 0;
		};
		21E0CF401D8283E500A60FA6 /* Frameworks */ = {
			isa = PBXFrameworksBuildPhase;
			buildActionMask = 2147483647;
			files = (
			);
			runOnlyForDeploymentPostprocessing = 0;
		};
/* End PBXFrameworksBuildPhase section */

/* Begin PBXGroup section */
		2176BC571D864265008761CD /* library */ = {
			isa = PBXGroup;
			children = (
				2176BC581D864265008761CD /* AFNetworking */,
				2176BC831D864265008761CD /* MJExtension */,
				2176BC9A1D864265008761CD /* SDWebImage */,
			);
			path = library;
			sourceTree = "<group>";
		};
		2176BC581D864265008761CD /* AFNetworking */ = {
			isa = PBXGroup;
			children = (
				2176BC591D864265008761CD /* AFNetworking */,
				2176BC671D864265008761CD /* LICENSE */,
				2176BC681D864265008761CD /* README.md */,
				2176BC691D864265008761CD /* UIKit+AFNetworking */,
			);
			path = AFNetworking;
			sourceTree = "<group>";
		};
		2176BC591D864265008761CD /* AFNetworking */ = {
			isa = PBXGroup;
			children = (
				2176BC5A1D864265008761CD /* AFHTTPSessionManager.h */,
				2176BC5B1D864265008761CD /* AFHTTPSessionManager.m */,
				2176BC5C1D864265008761CD /* AFNetworking.h */,
				2176BC5D1D864265008761CD /* AFNetworkReachabilityManager.h */,
				2176BC5E1D864265008761CD /* AFNetworkReachabilityManager.m */,
				2176BC5F1D864265008761CD /* AFSecurityPolicy.h */,
				2176BC601D864265008761CD /* AFSecurityPolicy.m */,
				2176BC611D864265008761CD /* AFURLRequestSerialization.h */,
				2176BC621D864265008761CD /* AFURLRequestSerialization.m */,
				2176BC631D864265008761CD /* AFURLResponseSerialization.h */,
				2176BC641D864265008761CD /* AFURLResponseSerialization.m */,
				2176BC651D864265008761CD /* AFURLSessionManager.h */,
				2176BC661D864265008761CD /* AFURLSessionManager.m */,
			);
			path = AFNetworking;
			sourceTree = "<group>";
		};
		2176BC691D864265008761CD /* UIKit+AFNetworking */ = {
			isa = PBXGroup;
			children = (
				2176BC6A1D864265008761CD /* AFAutoPurgingImageCache.h */,
				2176BC6B1D864265008761CD /* AFAutoPurgingImageCache.m */,
				2176BC6C1D864265008761CD /* AFImageDownloader.h */,
				2176BC6D1D864265008761CD /* AFImageDownloader.m */,
				2176BC6E1D864265008761CD /* AFNetworkActivityIndicatorManager.h */,
				2176BC6F1D864265008761CD /* AFNetworkActivityIndicatorManager.m */,
				2176BC701D864265008761CD /* UIActivityIndicatorView+AFNetworking.h */,
				2176BC711D864265008761CD /* UIActivityIndicatorView+AFNetworking.m */,
				2176BC721D864265008761CD /* UIButton+AFNetworking.h */,
				2176BC731D864265008761CD /* UIButton+AFNetworking.m */,
				2176BC741D864265008761CD /* UIImage+AFNetworking.h */,
				2176BC751D864265008761CD /* UIImageView+AFNetworking.h */,
				2176BC761D864265008761CD /* UIImageView+AFNetworking.m */,
				2176BC771D864265008761CD /* UIKit+AFNetworking.h */,
				2176BC781D864265008761CD /* UIProgressView+AFNetworking.h */,
				2176BC791D864265008761CD /* UIProgressView+AFNetworking.m */,
				2176BC7A1D864265008761CD /* UIRefreshControl+AFNetworking.h */,
				2176BC7B1D864265008761CD /* UIRefreshControl+AFNetworking.m */,
				2176BC7C1D864265008761CD /* UIWebView+AFNetworking.h */,
				2176BC7D1D864265008761CD /* UIWebView+AFNetworking.m */,
			);
			path = "UIKit+AFNetworking";
			sourceTree = "<group>";
		};
		2176BC831D864265008761CD /* MJExtension */ = {
			isa = PBXGroup;
			children = (
				2176BC841D864265008761CD /* Info.plist */,
				2176BC851D864265008761CD /* MJExtension.h */,
				2176BC861D864265008761CD /* MJExtensionConst.h */,
				2176BC871D864265008761CD /* MJExtensionConst.m */,
				2176BC881D864265008761CD /* MJFoundation.h */,
				2176BC891D864265008761CD /* MJFoundation.m */,
				2176BC8A1D864265008761CD /* MJProperty.h */,
				2176BC8B1D864265008761CD /* MJProperty.m */,
				2176BC8C1D864265008761CD /* MJPropertyKey.h */,
				2176BC8D1D864265008761CD /* MJPropertyKey.m */,
				2176BC8E1D864265008761CD /* MJPropertyType.h */,
				2176BC8F1D864265008761CD /* MJPropertyType.m */,
				2176BC901D864265008761CD /* NSObject+MJClass.h */,
				2176BC911D864265008761CD /* NSObject+MJClass.m */,
				2176BC921D864265008761CD /* NSObject+MJCoding.h */,
				2176BC931D864265008761CD /* NSObject+MJCoding.m */,
				2176BC941D864265008761CD /* NSObject+MJKeyValue.h */,
				2176BC951D864265008761CD /* NSObject+MJKeyValue.m */,
				2176BC961D864265008761CD /* NSObject+MJProperty.h */,
				2176BC971D864265008761CD /* NSObject+MJProperty.m */,
				2176BC981D864265008761CD /* NSString+MJExtension.h */,
				2176BC991D864265008761CD /* NSString+MJExtension.m */,
			);
			path = MJExtension;
			sourceTree = "<group>";
		};
		2176BC9A1D864265008761CD /* SDWebImage */ = {
			isa = PBXGroup;
			children = (
				2176BC9B1D864265008761CD /* LICENSE */,
				2176BC9C1D864265008761CD /* README.md */,
				2176BC9D1D864265008761CD /* SDWebImage */,
			);
			path = SDWebImage;
			sourceTree = "<group>";
		};
		2176BC9D1D864265008761CD /* SDWebImage */ = {
			isa = PBXGroup;
			children = (
				2176BC9E1D864265008761CD /* NSData+ImageContentType.h */,
				2176BC9F1D864265008761CD /* NSData+ImageContentType.m */,
				2176BCA01D864265008761CD /* SDImageCache.h */,
				2176BCA11D864265008761CD /* SDImageCache.m */,
				2176BCA21D864265008761CD /* SDWebImageCompat.h */,
				2176BCA31D864265008761CD /* SDWebImageCompat.m */,
				2176BCA41D864265008761CD /* SDWebImageDecoder.h */,
				2176BCA51D864265008761CD /* SDWebImageDecoder.m */,
				2176BCA61D864265008761CD /* SDWebImageDownloader.h */,
				2176BCA71D864265008761CD /* SDWebImageDownloader.m */,
				2176BCA81D864265008761CD /* SDWebImageDownloaderOperation.h */,
				2176BCA91D864265008761CD /* SDWebImageDownloaderOperation.m */,
				2176BCAA1D864265008761CD /* SDWebImageManager.h */,
				2176BCAB1D864265008761CD /* SDWebImageManager.m */,
				2176BCAC1D864265008761CD /* SDWebImageOperation.h */,
				2176BCAD1D864265008761CD /* SDWebImagePrefetcher.h */,
				2176BCAE1D864265008761CD /* SDWebImagePrefetcher.m */,
				2176BCAF1D864265008761CD /* UIButton+WebCache.h */,
				2176BCB01D864265008761CD /* UIButton+WebCache.m */,
				2176BCB11D864265008761CD /* UIImage+GIF.h */,
				2176BCB21D864265008761CD /* UIImage+GIF.m */,
				2176BCB31D864265008761CD /* UIImage+MultiFormat.h */,
				2176BCB41D864265008761CD /* UIImage+MultiFormat.m */,
				2176BCB51D864265008761CD /* UIImageView+HighlightedWebCache.h */,
				2176BCB61D864265008761CD /* UIImageView+HighlightedWebCache.m */,
				2176BCB71D864265008761CD /* UIImageView+WebCache.h */,
				2176BCB81D864265008761CD /* UIImageView+WebCache.m */,
				2176BCB91D864265008761CD /* UIView+WebCacheOperation.h */,
				2176BCBA1D864265008761CD /* UIView+WebCacheOperation.m */,
			);
			path = SDWebImage;
			sourceTree = "<group>";
		};
		2176BCE91D864271008761CD /* Class */ = {
			isa = PBXGroup;
			children = (
				2176BCEA1D864271008761CD /* C */,
				2176BCEF1D864271008761CD /* M */,
				2176BCF21D864271008761CD /* V */,
			);
			path = Class;
			sourceTree = "<group>";
		};
		2176BCEA1D864271008761CD /* C */ = {
			isa = PBXGroup;
			children = (
				2176BCEB1D864271008761CD /* CCPTableViewController.h */,
				2176BCEC1D864271008761CD /* CCPTableViewController.m */,
				2176BCED1D864271008761CD /* CCPViewController.h */,
				2176BCEE1D864271008761CD /* CCPViewController.m */,
			);
			path = C;
			sourceTree = "<group>";
		};
		2176BCEF1D864271008761CD /* M */ = {
			isa = PBXGroup;
			children = (
				2176BCF01D864271008761CD /* CCPModel.h */,
				2176BCF11D864271008761CD /* CCPModel.m */,
			);
			path = M;
			sourceTree = "<group>";
		};
		2176BCF21D864271008761CD /* V */ = {
			isa = PBXGroup;
			children = (
				2176BCF31D864271008761CD /* CCPDataTableViewCell.h */,
				2176BCF41D864271008761CD /* CCPDataTableViewCell.m */,
				2176BCF51D864271008761CD /* CCPDataTableViewCell.xib */,
				2176BCF61D864271008761CD /* CCPTableViewCell.h */,
				2176BCF71D864271008761CD /* CCPTableViewCell.m */,
				2176BCF81D864271008761CD /* CCPTableViewCell.xib */,
			);
			path = V;
			sourceTree = "<group>";
		};
		2176BD001D8642D4008761CD /* CCPNetworking */ = {
			isa = PBXGroup;
			children = (
				2176BD011D8642D4008761CD /* MBProgressHUD */,
				2176BD081D86430B008761CD /* CCPNetworking.h */,
				2176BD091D86430B008761CD /* CCPNetworking.m */,
				2176BD0A1D86430B008761CD /* Reachability.h */,
				2176BD0B1D86430B008761CD /* Reachability.m */,
			);
			path = CCPNetworking;
			sourceTree = "<group>";
		};
		2176BD011D8642D4008761CD /* MBProgressHUD */ = {
			isa = PBXGroup;
			children = (
				2176BD021D8642D4008761CD /* MBProgressHUD+ADD.h */,
				2176BD031D8642D4008761CD /* MBProgressHUD+ADD.m */,
				2176BD041D8642D4008761CD /* MBProgressHUD.h */,
				2176BD051D8642D4008761CD /* MBProgressHUD.m */,
			);
			path = MBProgressHUD;
			sourceTree = "<group>";
		};
		21E0CF161D8283E500A60FA6 = {
			isa = PBXGroup;
			children = (
				21E0CF211D8283E500A60FA6 /* CCPAFNNetworking */,
				21E0CF3B1D8283E500A60FA6 /* CCPAFNNetworkingTests */,
				21E0CF461D8283E500A60FA6 /* CCPAFNNetworkingUITests */,
				21E0CF201D8283E500A60FA6 /* Products */,
			);
			sourceTree = "<group>";
		};
		21E0CF201D8283E500A60FA6 /* Products */ = {
			isa = PBXGroup;
			children = (
				21E0CF1F1D8283E500A60FA6 /* CCPAFNNetworking.app */,
				21E0CF381D8283E500A60FA6 /* CCPAFNNetworkingTests.xctest */,
				21E0CF431D8283E500A60FA6 /* CCPAFNNetworkingUITests.xctest */,
			);
			name = Products;
			sourceTree = "<group>";
		};
		21E0CF211D8283E500A60FA6 /* CCPAFNNetworking */ = {
			isa = PBXGroup;
			children = (
				2176BC571D864265008761CD /* library */,
				2176BCE91D864271008761CD /* Class */,
				2176BD001D8642D4008761CD /* CCPNetworking */,
				21E0CF251D8283E500A60FA6 /* AppDelegate.h */,
				21E0CF261D8283E500A60FA6 /* AppDelegate.m */,
				21E0CF2E1D8283E500A60FA6 /* Assets.xcassets */,
				21E0CF301D8283E500A60FA6 /* LaunchScreen.storyboard */,
				21E0CF331D8283E500A60FA6 /* Info.plist */,
				21E0CF221D8283E500A60FA6 /* Supporting Files */,
			);
			path = CCPAFNNetworking;
			sourceTree = "<group>";
		};
		21E0CF221D8283E500A60FA6 /* Supporting Files */ = {
			isa = PBXGroup;
			children = (
				21E0CF231D8283E500A60FA6 /* main.m */,
			);
			name = "Supporting Files";
			sourceTree = "<group>";
		};
		21E0CF3B1D8283E500A60FA6 /* CCPAFNNetworkingTests */ = {
			isa = PBXGroup;
			children = (
				21E0CF3C1D8283E500A60FA6 /* CCPAFNNetworkingTests.m */,
				21E0CF3E1D8283E500A60FA6 /* Info.plist */,
			);
			path = CCPAFNNetworkingTests;
			sourceTree = "<group>";
		};
		21E0CF461D8283E500A60FA6 /* CCPAFNNetworkingUITests */ = {
			isa = PBXGroup;
			children = (
				21E0CF471D8283E500A60FA6 /* CCPAFNNetworkingUITests.m */,
				21E0CF491D8283E500A60FA6 /* Info.plist */,
			);
			path = CCPAFNNetworkingUITests;
			sourceTree = "<group>";
		};
/* End PBXGroup section */

/* Begin PBXNativeTarget section */
		21E0CF1E1D8283E500A60FA6 /* CCPAFNNetworking */ = {
			isa = PBXNativeTarget;
			buildConfigurationList = 21E0CF4C1D8283E500A60FA6 /* Build configuration list for PBXNativeTarget "CCPAFNNetworking" */;
			buildPhases = (
				21E0CF1B1D8283E500A60FA6 /* Sources */,
				21E0CF1C1D8283E500A60FA6 /* Frameworks */,
				21E0CF1D1D8283E500A60FA6 /* Resources */,
			);
			buildRules = (
			);
			dependencies = (
			);
			name = CCPAFNNetworking;
			productName = CCPAFNNetworking;
			productReference = 21E0CF1F1D8283E500A60FA6 /* CCPAFNNetworking.app */;
			productType = "com.apple.product-type.application";
		};
		21E0CF371D8283E500A60FA6 /* CCPAFNNetworkingTests */ = {
			isa = PBXNativeTarget;
			buildConfigurationList = 21E0CF4F1D8283E500A60FA6 /* Build configuration list for PBXNativeTarget "CCPAFNNetworkingTests" */;
			buildPhases = (
				21E0CF341D8283E500A60FA6 /* Sources */,
				21E0CF351D8283E500A60FA6 /* Frameworks */,
				21E0CF361D8283E500A60FA6 /* Resources */,
			);
			buildRules = (
			);
			dependencies = (
				21E0CF3A1D8283E500A60FA6 /* PBXTargetDependency */,
			);
			name = CCPAFNNetworkingTests;
			productName = CCPAFNNetworkingTests;
			productReference = 21E0CF381D8283E500A60FA6 /* CCPAFNNetworkingTests.xctest */;
			productType = "com.apple.product-type.bundle.unit-test";
		};
		21E0CF421D8283E500A60FA6 /* CCPAFNNetworkingUITests */ = {
			isa = PBXNativeTarget;
			buildConfigurationList = 21E0CF521D8283E500A60FA6 /* Build configuration list for PBXNativeTarget "CCPAFNNetworkingUITests" */;
			buildPhases = (
				21E0CF3F1D8283E500A60FA6 /* Sources */,
				21E0CF401D8283E500A60FA6 /* Frameworks */,
				21E0CF411D8283E500A60FA6 /* Resources */,
			);
			buildRules = (
			);
			dependencies = (
				21E0CF451D8283E500A60FA6 /* PBXTargetDependency */,
			);
			name = CCPAFNNetworkingUITests;
			productName = CCPAFNNetworkingUITests;
			productReference = 21E0CF431D8283E500A60FA6 /* CCPAFNNetworkingUITests.xctest */;
			productType = "com.apple.product-type.bundle.ui-testing";
		};
/* End PBXNativeTarget section */

/* Begin PBXProject section */
		21E0CF171D8283E500A60FA6 /* Project object */ = {
			isa = PBXProject;
			attributes = {
				LastUpgradeCheck = 0720;
				ORGANIZATIONNAME = CCP;
				TargetAttributes = {
					21E0CF1E1D8283E500A60FA6 = {
						CreatedOnToolsVersion = 7.2;
						DevelopmentTeam = 5HARV582JG;
					};
					21E0CF371D8283E500A60FA6 = {
						CreatedOnToolsVersion = 7.2;
						TestTargetID = 21E0CF1E1D8283E500A60FA6;
					};
					21E0CF421D8283E500A60FA6 = {
						CreatedOnToolsVersion = 7.2;
						TestTargetID = 21E0CF1E1D8283E500A60FA6;
					};
				};
			};
			buildConfigurationList = 21E0CF1A1D8283E500A60FA6 /* Build configuration list for PBXProject "CCPAFNNetworking" */;
			compatibilityVersion = "Xcode 3.2";
			developmentRegion = English;
			hasScannedForEncodings = 0;
			knownRegions = (
				en,
				Base,
			);
			mainGroup = 21E0CF161D8283E500A60FA6;
			productRefGroup = 21E0CF201D8283E500A60FA6 /* Products */;
			projectDirPath = "";
			projectRoot = "";
			targets = (
				21E0CF1E1D8283E500A60FA6 /* CCPAFNNetworking */,
				21E0CF371D8283E500A60FA6 /* CCPAFNNetworkingTests */,
				21E0CF421D8283E500A60FA6 /* CCPAFNNetworkingUITests */,
			);
		};
/* End PBXProject section */

/* Begin PBXResourcesBuildPhase section */
		21E0CF1D1D8283E500A60FA6 /* Resources */ = {
			isa = PBXResourcesBuildPhase;
			buildActionMask = 2147483647;
			files = (
				2176BCCE1D864265008761CD /* Info.plist in Resources */,
				2176BCC11D864265008761CD /* LICENSE in Resources */,
				21E0CF321D8283E500A60FA6 /* LaunchScreen.storyboard in Resources */,
				2176BCFF1D864271008761CD /* CCPTableViewCell.xib in Resources */,
				21E0CF2F1D8283E500A60FA6 /* Assets.xcassets in Resources */,
				2176BCFD1D864271008761CD /* CCPDataTableViewCell.xib in Resources */,
				2176BCD91D864265008761CD /* LICENSE in Resources */,
			);
			runOnlyForDeploymentPostprocessing = 0;
		};
		21E0CF361D8283E500A60FA6 /* Resources */ = {
			isa = PBXResourcesBuildPhase;
			buildActionMask = 2147483647;
			files = (
			);
			runOnlyForDeploymentPostprocessing = 0;
		};
		21E0CF411D8283E500A60FA6 /* Resources */ = {
			isa = PBXResourcesBuildPhase;
			buildActionMask = 2147483647;
			files = (
			);
			runOnlyForDeploymentPostprocessing = 0;
		};
/* End PBXResourcesBuildPhase section */

/* Begin PBXSourcesBuildPhase section */
		21E0CF1B1D8283E500A60FA6 /* Sources */ = {
			isa = PBXSourcesBuildPhase;
			buildActionMask = 2147483647;
			files = (
				2176BCF91D864271008761CD /* CCPTableViewController.m in Sources */,
				2176BCBD1D864265008761CD /* AFSecurityPolicy.m in Sources */,
				2176BCC81D864265008761CD /* UIImageView+AFNetworking.m in Sources */,
				2176BCE81D864265008761CD /* UIView+WebCacheOperation.m in Sources */,
				2176BCBF1D864265008761CD /* AFURLResponseSerialization.m in Sources */,
				2176BCFC1D864271008761CD /* CCPDataTableViewCell.m in Sources */,
				2176BD0C1D86430B008761CD /* CCPNetworking.m in Sources */,
				2176BCC91D864265008761CD /* UIProgressView+AFNetworking.m in Sources */,
				2176BCD41D864265008761CD /* NSObject+MJClass.m in Sources */,
				2176BCC41D864265008761CD /* AFImageDownloader.m in Sources */,
				2176BCE31D864265008761CD /* UIButton+WebCache.m in Sources */,
				2176BCC31D864265008761CD /* AFAutoPurgingImageCache.m in Sources */,
				2176BCD81D864265008761CD /* NSString+MJExtension.m in Sources */,
				2176BCDA1D864265008761CD /* README.md in Sources */,
				2176BCE41D864265008761CD /* UIImage+GIF.m in Sources */,
				2176BCE21D864265008761CD /* SDWebImagePrefetcher.m in Sources */,
				21E0CF271D8283E500A60FA6 /* AppDelegate.m in Sources */,
				2176BCD31D864265008761CD /* MJPropertyType.m in Sources */,
				2176BD071D8642D4008761CD /* MBProgressHUD.m in Sources */,
				2176BCDD1D864265008761CD /* SDWebImageCompat.m in Sources */,
				2176BCDF1D864265008761CD /* SDWebImageDownloader.m in Sources */,
				2176BCE61D864265008761CD /* UIImageView+HighlightedWebCache.m in Sources */,
				2176BCE01D864265008761CD /* SDWebImageDownloaderOperation.m in Sources */,
				2176BCDE1D864265008761CD /* SDWebImageDecoder.m in Sources */,
				2176BCE11D864265008761CD /* SDWebImageManager.m in Sources */,
				2176BCC71D864265008761CD /* UIButton+AFNetworking.m in Sources */,
				2176BD0D1D86430B008761CD /* Reachability.m in Sources */,
				2176BCC61D864265008761CD /* UIActivityIndicatorView+AFNetworking.m in Sources */,
				2176BCD21D864265008761CD /* MJPropertyKey.m in Sources */,
				2176BCD71D864265008761CD /* NSObject+MJProperty.m in Sources */,
				2176BCBB1D864265008761CD /* AFHTTPSessionManager.m in Sources */,
				2176BD061D8642D4008761CD /* MBProgressHUD+ADD.m in Sources */,
				2176BCCA1D864265008761CD /* UIRefreshControl+AFNetworking.m in Sources */,
				2176BCCB1D864265008761CD /* UIWebView+AFNetworking.m in Sources */,
				2176BCC01D864265008761CD /* AFURLSessionManager.m in Sources */,
				2176BCD01D864265008761CD /* MJFoundation.m in Sources */,
				21E0CF241D8283E500A60FA6 /* main.m in Sources */,
				2176BCE51D864265008761CD /* UIImage+MultiFormat.m in Sources */,
				2176BCCF1D864265008761CD /* MJExtensionConst.m in Sources */,
				2176BCFE1D864271008761CD /* CCPTableViewCell.m in Sources */,
				2176BCD51D864265008761CD /* NSObject+MJCoding.m in Sources */,
				2176BCDB1D864265008761CD /* NSData+ImageContentType.m in Sources */,
				2176BCBC1D864265008761CD /* AFNetworkReachabilityManager.m in Sources */,
				2176BCFB1D864271008761CD /* CCPModel.m in Sources */,
				2176BCC21D864265008761CD /* README.md in Sources */,
				2176BCC51D864265008761CD /* AFNetworkActivityIndicatorManager.m in Sources */,
				2176BCFA1D864271008761CD /* CCPViewController.m in Sources */,
				2176BCD11D864265008761CD /* MJProperty.m in Sources */,
				2176BCD61D864265008761CD /* NSObject+MJKeyValue.m in Sources */,
				2176BCBE1D864265008761CD /* AFURLRequestSerialization.m in Sources */,
				2176BCE71D864265008761CD /* UIImageView+WebCache.m in Sources */,
				2176BCDC1D864265008761CD /* SDImageCache.m in Sources */,
			);
			runOnlyForDeploymentPostprocessing = 0;
		};
		21E0CF341D8283E500A60FA6 /* Sources */ = {
			isa = PBXSourcesBuildPhase;
			buildActionMask = 2147483647;
			files = (
				21E0CF3D1D8283E500A60FA6 /* CCPAFNNetworkingTests.m in Sources */,
			);
			runOnlyForDeploymentPostprocessing = 0;
		};
		21E0CF3F1D8283E500A60FA6 /* Sources */ = {
			isa = PBXSourcesBuildPhase;
			buildActionMask = 2147483647;
			files = (
				21E0CF481D8283E500A60FA6 /* CCPAFNNetworkingUITests.m in Sources */,
			);
			runOnlyForDeploymentPostprocessing = 0;
		};
/* End PBXSourcesBuildPhase section */

/* Begin PBXTargetDependency section */
		21E0CF3A1D8283E500A60FA6 /* PBXTargetDependency */ = {
			isa = PBXTargetDependency;
			target = 21E0CF1E1D8283E500A60FA6 /* CCPAFNNetworking */;
			targetProxy = 21E0CF391D8283E500A60FA6 /* PBXContainerItemProxy */;
		};
		21E0CF451D8283E500A60FA6 /* PBXTargetDependency */ = {
			isa = PBXTargetDependency;
			target = 21E0CF1E1D8283E500A60FA6 /* CCPAFNNetworking */;
			targetProxy = 21E0CF441D8283E500A60FA6 /* PBXContainerItemProxy */;
		};
/* End PBXTargetDependency section */

/* Begin PBXVariantGroup section */
		21E0CF301D8283E500A60FA6 /* LaunchScreen.storyboard */ = {
			isa = PBXVariantGroup;
			children = (
				21E0CF311D8283E500A60FA6 /* Base */,
			);
			name = LaunchScreen.storyboard;
			sourceTree = "<group>";
		};
/* End PBXVariantGroup section */

/* Begin XCBuildConfiguration section */
		21E0CF4A1D8283E500A60FA6 /* Debug */ = {
			isa = XCBuildConfiguration;
			buildSettings = {
				ALWAYS_SEARCH_USER_PATHS = NO;
				CLANG_CXX_LANGUAGE_STANDARD = "gnu++0x";
				CLANG_CXX_LIBRARY = "libc++";
				CLANG_ENABLE_MODULES = YES;
				CLANG_ENABLE_OBJC_ARC = YES;
				CLANG_WARN_BOOL_CONVERSION = YES;
				CLANG_WARN_CONSTANT_CONVERSION = YES;
				CLANG_WARN_DIRECT_OBJC_ISA_USAGE = YES_ERROR;
				CLANG_WARN_EMPTY_BODY = YES;
				CLANG_WARN_ENUM_CONVERSION = YES;
				CLANG_WARN_INT_CONVERSION = YES;
				CLANG_WARN_OBJC_ROOT_CLASS = YES_ERROR;
				CLANG_WARN_UNREACHABLE_CODE = YES;
				CLANG_WARN__DUPLICATE_METHOD_MATCH = YES;
				"CODE_SIGN_IDENTITY[sdk=iphoneos*]" = "iPhone Developer";
				COPY_PHASE_STRIP = NO;
				DEBUG_INFORMATION_FORMAT = dwarf;
				ENABLE_STRICT_OBJC_MSGSEND = YES;
				ENABLE_TESTABILITY = YES;
				GCC_C_LANGUAGE_STANDARD = gnu99;
				GCC_DYNAMIC_NO_PIC = NO;
				GCC_NO_COMMON_BLOCKS = YES;
				GCC_OPTIMIZATION_LEVEL = 0;
				GCC_PREPROCESSOR_DEFINITIONS = (
					"DEBUG=1",
					"$(inherited)",
				);
				GCC_WARN_64_TO_32_BIT_CONVERSION = YES;
				GCC_WARN_ABOUT_RETURN_TYPE = YES_ERROR;
				GCC_WARN_UNDECLARED_SELECTOR = YES;
				GCC_WARN_UNINITIALIZED_AUTOS = YES_AGGRESSIVE;
				GCC_WARN_UNUSED_FUNCTION = YES;
				GCC_WARN_UNUSED_VARIABLE = YES;
				IPHONEOS_DEPLOYMENT_TARGET = 9.2;
				MTL_ENABLE_DEBUG_INFO = YES;
				ONLY_ACTIVE_ARCH = YES;
				SDKROOT = iphoneos;
			};
			name = Debug;
		};
		21E0CF4B1D8283E500A60FA6 /* Release */ = {
			isa = XCBuildConfiguration;
			buildSettings = {
				ALWAYS_SEARCH_USER_PATHS = NO;
				CLANG_CXX_LANGUAGE_STANDARD = "gnu++0x";
				CLANG_CXX_LIBRARY = "libc++";
				CLANG_ENABLE_MODULES = YES;
				CLANG_ENABLE_OBJC_ARC = YES;
				CLANG_WARN_BOOL_CONVERSION = YES;
				CLANG_WARN_CONSTANT_CONVERSION = YES;
				CLANG_WARN_DIRECT_OBJC_ISA_USAGE = YES_ERROR;
				CLANG_WARN_EMPTY_BODY = YES;
				CLANG_WARN_ENUM_CONVERSION = YES;
				CLANG_WARN_INT_CONVERSION = YES;
				CLANG_WARN_OBJC_ROOT_CLASS = YES_ERROR;
				CLANG_WARN_UNREACHABLE_CODE = YES;
				CLANG_WARN__DUPLICATE_METHOD_MATCH = YES;
				"CODE_SIGN_IDENTITY[sdk=iphoneos*]" = "iPhone Developer";
				COPY_PHASE_STRIP = NO;
				DEBUG_INFORMATION_FORMAT = "dwarf-with-dsym";
				ENABLE_NS_ASSERTIONS = NO;
				ENABLE_STRICT_OBJC_MSGSEND = YES;
				GCC_C_LANGUAGE_STANDARD = gnu99;
				GCC_NO_COMMON_BLOCKS = YES;
				GCC_WARN_64_TO_32_BIT_CONVERSION = YES;
				GCC_WARN_ABOUT_RETURN_TYPE = YES_ERROR;
				GCC_WARN_UNDECLARED_SELECTOR = YES;
				GCC_WARN_UNINITIALIZED_AUTOS = YES_AGGRESSIVE;
				GCC_WARN_UNUSED_FUNCTION = YES;
				GCC_WARN_UNUSED_VARIABLE = YES;
				IPHONEOS_DEPLOYMENT_TARGET = 9.2;
				MTL_ENABLE_DEBUG_INFO = NO;
				SDKROOT = iphoneos;
				VALIDATE_PRODUCT = YES;
			};
			name = Release;
		};
		21E0CF4D1D8283E500A60FA6 /* Debug */ = {
			isa = XCBuildConfiguration;
			buildSettings = {
				ASSETCATALOG_COMPILER_APPICON_NAME = AppIcon;
				CODE_SIGN_IDENTITY = "iPhone Developer";
				INFOPLIST_FILE = CCPAFNNetworking/Info.plist;
				IPHONEOS_DEPLOYMENT_TARGET = 9.1;
				LD_RUNPATH_SEARCH_PATHS = "$(inherited) @executable_path/Frameworks";
				PRODUCT_BUNDLE_IDENTIFIER = CCP.CCPAFNNetworking;
				PRODUCT_NAME = "$(TARGET_NAME)";
			};
			name = Debug;
		};
		21E0CF4E1D8283E500A60FA6 /* Release */ = {
			isa = XCBuildConfiguration;
			buildSettings = {
				ASSETCATALOG_COMPILER_APPICON_NAME = AppIcon;
				CODE_SIGN_IDENTITY = "iPhone Developer";
				INFOPLIST_FILE = CCPAFNNetworking/Info.plist;
				IPHONEOS_DEPLOYMENT_TARGET = 9.1;
				LD_RUNPATH_SEARCH_PATHS = "$(inherited) @executable_path/Frameworks";
				PRODUCT_BUNDLE_IDENTIFIER = CCP.CCPAFNNetworking;
				PRODUCT_NAME = "$(TARGET_NAME)";
			};
			name = Release;
		};
		21E0CF501D8283E500A60FA6 /* Debug */ = {
			isa = XCBuildConfiguration;
			buildSettings = {
				BUNDLE_LOADER = "$(TEST_HOST)";
				INFOPLIST_FILE = CCPAFNNetworkingTests/Info.plist;
				LD_RUNPATH_SEARCH_PATHS = "$(inherited) @executable_path/Frameworks @loader_path/Frameworks";
				PRODUCT_BUNDLE_IDENTIFIER = CCP.CCPAFNNetworkingTests;
				PRODUCT_NAME = "$(TARGET_NAME)";
				TEST_HOST = "$(BUILT_PRODUCTS_DIR)/CCPAFNNetworking.app/CCPAFNNetworking";
			};
			name = Debug;
		};
		21E0CF511D8283E500A60FA6 /* Release */ = {
			isa = XCBuildConfiguration;
			buildSettings = {
				BUNDLE_LOADER = "$(TEST_HOST)";
				INFOPLIST_FILE = CCPAFNNetworkingTests/Info.plist;
				LD_RUNPATH_SEARCH_PATHS = "$(inherited) @executable_path/Frameworks @loader_path/Frameworks";
				PRODUCT_BUNDLE_IDENTIFIER = CCP.CCPAFNNetworkingTests;
				PRODUCT_NAME = "$(TARGET_NAME)";
				TEST_HOST = "$(BUILT_PRODUCTS_DIR)/CCPAFNNetworking.app/CCPAFNNetworking";
			};
			name = Release;
		};
		21E0CF531D8283E500A60FA6 /* Debug */ = {
			isa = XCBuildConfiguration;
			buildSettings = {
				INFOPLIST_FILE = CCPAFNNetworkingUITests/Info.plist;
				LD_RUNPATH_SEARCH_PATHS = "$(inherited) @executable_path/Frameworks @loader_path/Frameworks";
				PRODUCT_BUNDLE_IDENTIFIER = CCP.CCPAFNNetworkingUITests;
				PRODUCT_NAME = "$(TARGET_NAME)";
				TEST_TARGET_NAME = CCPAFNNetworking;
				USES_XCTRUNNER = YES;
			};
			name = Debug;
		};
		21E0CF541D8283E500A60FA6 /* Release */ = {
			isa = XCBuildConfiguration;
			buildSettings = {
				INFOPLIST_FILE = CCPAFNNetworkingUITests/Info.plist;
				LD_RUNPATH_SEARCH_PATHS = "$(inherited) @executable_path/Frameworks @loader_path/Frameworks";
				PRODUCT_BUNDLE_IDENTIFIER = CCP.CCPAFNNetworkingUITests;
				PRODUCT_NAME = "$(TARGET_NAME)";
				TEST_TARGET_NAME = CCPAFNNetworking;
				USES_XCTRUNNER = YES;
			};
			name = Release;
		};
/* End XCBuildConfiguration section */

/* Begin XCConfigurationList section */
		21E0CF1A1D8283E500A60FA6 /* Build configuration list for PBXProject "CCPAFNNetworking" */ = {
			isa = XCConfigurationList;
			buildConfigurations = (
				21E0CF4A1D8283E500A60FA6 /* Debug */,
				21E0CF4B1D8283E500A60FA6 /* Release */,
			);
			defaultConfigurationIsVisible = 0;
			defaultConfigurationName = Release;
		};
		21E0CF4C1D8283E500A60FA6 /* Build configuration list for PBXNativeTarget "CCPAFNNetworking" */ = {
			isa = XCConfigurationList;
			buildConfigurations = (
				21E0CF4D1D8283E500A60FA6 /* Debug */,
				21E0CF4E1D8283E500A60FA6 /* Release */,
			);
			defaultConfigurationIsVisible = 0;
			defaultConfigurationName = Release;
		};
		21E0CF4F1D8283E500A60FA6 /* Build configuration list for PBXNativeTarget "CCPAFNNetworkingTests" */ = {
			isa = XCConfigurationList;
			buildConfigurations = (
				21E0CF501D8283E500A60FA6 /* Debug */,
				21E0CF511D8283E500A60FA6 /* Release */,
			);
			defaultConfigurationIsVisible = 0;
			defaultConfigurationName = Release;
		};
		21E0CF521D8283E500A60FA6 /* Build configuration list for PBXNativeTarget "CCPAFNNetworkingUITests" */ = {
			isa = XCConfigurationList;
			buildConfigurations = (
				21E0CF531D8283E500A60FA6 /* Debug */,
				21E0CF541D8283E500A60FA6 /* Release */,
			);
			defaultConfigurationIsVisible = 0;
			defaultConfigurationName = Release;
		};
/* End XCConfigurationList section */
	};
	rootObject = 21E0CF171D8283E500A60FA6 /* Project object */;
}
